{
  "name": "stencil-head",
  "version": "1.1.0",
  "lockfileVersion": 1,
  "requires": true,
  "dependencies": {
    "@stencil/core": {
      "version": "1.9.2",
      "resolved": "https://registry.npmjs.org/@stencil/core/-/core-1.9.2.tgz",
      "integrity": "sha512-ddkPvesgeVV5RPEcx8lWhYcid5vCmcfcg6KPvul8rgiBLxPsvwcVJ+SbJuuJhy5cQrEkHq/SZcpcxB72LTBWbQ==",
      "dev": true,
      "requires": {
        "typescript": "3.8.3"
      }
    },
    "typescript": {
      "version": "3.8.3",
      "resolved": "https://registry.npmjs.org/typescript/-/typescript-3.8.3.tgz",
      "integrity": "sha512-MYlEfn5VrLNsgudQTVJeNaQFUAI7DkhnOjdpAp4T+ku1TfQClewlbSuTVHiA+8skNBgaf02TL/kLOvig4y3G8w==",
      "dev": true
    }
  }
}
